// !$*UTF8*$!
{
	archiveVersion = 1;
	classes = {
	};
	objectVersion = 42;
	objects = {

/* Begin PBXBuildFile section */
		002F39FA09D0881F00EBEB88 /* SDL.framework in Frameworks */ = {isa = PBXBuildFile; fileRef = 002F39F909D0881F00EBEB88 /* SDL.framework */; };
		002F3A0009D0884600EBEB88 /* SDL.framework in Copy Frameworks into .app bundle */ = {isa = PBXBuildFile; fileRef = 002F39F909D0881F00EBEB88 /* SDL.framework */; };
		002F3C0109D093BD00EBEB88 /* OpenGL.framework in Frameworks */ = {isa = PBXBuildFile; fileRef = 002F3C0009D093BD00EBEB88 /* OpenGL.framework */; };
		002F3C6109D0951E00EBEB88 /* GLUT.framework in Frameworks */ = {isa = PBXBuildFile; fileRef = 002F3C6009D0951E00EBEB88 /* GLUT.framework */; };
		6904B5C60D238FA100F60A57 /* VS_Preferences.cpp in Sources */ = {isa = PBXBuildFile; fileRef = 6904B5C40D238FA100F60A57 /* VS_Preferences.cpp */; };
		6909A31A0BF5942E00A14EFF /* MEM_Store.cpp in Sources */ = {isa = PBXBuildFile; fileRef = 6909A3180BF5942E00A14EFF /* MEM_Store.cpp */; };
		690A75BF0BEDC891003414AC /* SYS_Timer.cpp in Sources */ = {isa = PBXBuildFile; fileRef = 690A75BD0BEDC891003414AC /* SYS_Timer.cpp */; };
		690B04AF0BC3BE5600AE1A42 /* PHYS_Sprite.cpp in Sources */ = {isa = PBXBuildFile; fileRef = 690B04AD0BC3BE5600AE1A42 /* PHYS_Sprite.cpp */; };
		690BFD5B0BC271A000AE1A42 /* COL_Sprite.cpp in Sources */ = {isa = PBXBuildFile; fileRef = 690BFD590BC271A000AE1A42 /* COL_Sprite.cpp */; };
		690F7D150BD0F64200AF62A4 /* AST_PlayerShot.cpp in Sources */ = {isa = PBXBuildFile; fileRef = 690F7D130BD0F64200AF62A4 /* AST_PlayerShot.cpp */; };
		6918CC510BC91F02006AD5F0 /* SND_System.cpp in Sources */ = {isa = PBXBuildFile; fileRef = 6918CC4F0BC91F02006AD5F0 /* SND_System.cpp */; };
		6918CC970BC921E7006AD5F0 /* SDL_mixer.framework in Frameworks */ = {isa = PBXBuildFile; fileRef = 6918CC960BC921E7006AD5F0 /* SDL_mixer.framework */; };
		6918CDEF0BC9B9B0006AD5F0 /* SND_Music.cpp in Sources */ = {isa = PBXBuildFile; fileRef = 6918CDED0BC9B9B0006AD5F0 /* SND_Music.cpp */; };
		6918CE760BC9CB06006AD5F0 /* SND_Sample.cpp in Sources */ = {isa = PBXBuildFile; fileRef = 6918CE740BC9CB06006AD5F0 /* SND_Sample.cpp */; };
		69207B7A0BC88E4E00268603 /* MEM_Heap.cpp in Sources */ = {isa = PBXBuildFile; fileRef = 69207B780BC88E4E00268603 /* MEM_Heap.cpp */; };
		69207CB30BC89D4B00268603 /* SDLMain.m in Sources */ = {isa = PBXBuildFile; fileRef = 69207CB10BC89D4B00268603 /* SDLMain.m */; };
		692D66920BCA687400B6E2FD /* AST_Hud.cpp in Sources */ = {isa = PBXBuildFile; fileRef = 692D66900BCA687400B6E2FD /* AST_Hud.cpp */; };
		693E36240CA9C4ED00DA23B4 /* SST_Fireworks.cpp in Sources */ = {isa = PBXBuildFile; fileRef = 693E361A0CA9C4ED00DA23B4 /* SST_Fireworks.cpp */; };
		693E36250CA9C4ED00DA23B4 /* SST_Fireworks.h in Copy Frameworks into .app bundle */ = {isa = PBXBuildFile; fileRef = 693E361B0CA9C4ED00DA23B4 /* SST_Fireworks.h */; };
		693E36260CA9C4ED00DA23B4 /* SST_Game.cpp in Sources */ = {isa = PBXBuildFile; fileRef = 693E361C0CA9C4ED00DA23B4 /* SST_Game.cpp */; };
		693E36270CA9C4ED00DA23B4 /* SST_Game.h in Copy Frameworks into .app bundle */ = {isa = PBXBuildFile; fileRef = 693E361D0CA9C4ED00DA23B4 /* SST_Game.h */; };
		693E36280CA9C4ED00DA23B4 /* SST_Hud.cpp in Sources */ = {isa = PBXBuildFile; fileRef = 693E361E0CA9C4ED00DA23B4 /* SST_Hud.cpp */; };
		693E36290CA9C4ED00DA23B4 /* SST_Hud.h in Copy Frameworks into .app bundle */ = {isa = PBXBuildFile; fileRef = 693E361F0CA9C4ED00DA23B4 /* SST_Hud.h */; };
		693E362A0CA9C4ED00DA23B4 /* SST_Rocket.cpp in Sources */ = {isa = PBXBuildFile; fileRef = 693E36200CA9C4ED00DA23B4 /* SST_Rocket.cpp */; };
		693E362B0CA9C4ED00DA23B4 /* SST_Rocket.h in Copy Frameworks into .app bundle */ = {isa = PBXBuildFile; fileRef = 693E36210CA9C4ED00DA23B4 /* SST_Rocket.h */; };
		693E362C0CA9C4ED00DA23B4 /* SST_Sequence.cpp in Sources */ = {isa = PBXBuildFile; fileRef = 693E36220CA9C4ED00DA23B4 /* SST_Sequence.cpp */; };
		693E362D0CA9C4ED00DA23B4 /* SST_Sequence.h in Copy Frameworks into .app bundle */ = {isa = PBXBuildFile; fileRef = 693E36230CA9C4ED00DA23B4 /* SST_Sequence.h */; };
		694A640A0BD6245000563F49 /* PHYS_Emitter.cpp in Sources */ = {isa = PBXBuildFile; fileRef = 694A64080BD6245000563F49 /* PHYS_Emitter.cpp */; };
		694A655F0BD6328800563F49 /* VS_Random.cpp in Sources */ = {isa = PBXBuildFile; fileRef = 694A655D0BD6328800563F49 /* VS_Random.cpp */; };
		694CCF7B0BFC642D002E4026 /* VS_Math.h in Copy Frameworks into .app bundle */ = {isa = PBXBuildFile; fileRef = 694CCF790BFC642D002E4026 /* VS_Math.h */; };
		694CCF7C0BFC642D002E4026 /* VS_Math.cpp in Sources */ = {isa = PBXBuildFile; fileRef = 694CCF7A0BFC642D002E4026 /* VS_Math.cpp */; };
		694CCF920BFC69F1002E4026 /* VS_String.h in Copy Frameworks into .app bundle */ = {isa = PBXBuildFile; fileRef = 694CCF900BFC69F1002E4026 /* VS_String.h */; };
		694CCF930BFC69F1002E4026 /* VS_String.cpp in Sources */ = {isa = PBXBuildFile; fileRef = 694CCF910BFC69F1002E4026 /* VS_String.cpp */; };
		69804DE60BCBAD85001677EA /* AST_Star.cpp in Sources */ = {isa = PBXBuildFile; fileRef = 69804DE40BCBAD85001677EA /* AST_Star.cpp */; };
		6986981B0D29CC05009FF9A2 /* AST_HowToPlay.cpp in Sources */ = {isa = PBXBuildFile; fileRef = 6986981A0D29CC05009FF9A2 /* AST_HowToPlay.cpp */; };
		6986984E0D29FF25009FF9A2 /* AST_ModeHowTo.cpp in Sources */ = {isa = PBXBuildFile; fileRef = 6986984C0D29FF25009FF9A2 /* AST_ModeHowTo.cpp */; };
		698D80800D23B7B30016CD35 /* VS_System.cpp in Sources */ = {isa = PBXBuildFile; fileRef = 698D807F0D23B7B30016CD35 /* VS_System.cpp */; };
		6995AA080BCA4CA3000C13AE /* AST_Asteroid.cpp in Sources */ = {isa = PBXBuildFile; fileRef = 6995AA060BCA4CA3000C13AE /* AST_Asteroid.cpp */; };
		69960E1E0BA5264A00F18D09 /* VS_Angle.cpp in Sources */ = {isa = PBXBuildFile; fileRef = 69960E1A0BA5264A00F18D09 /* VS_Angle.cpp */; };
		69960E200BA5264A00F18D09 /* VS_Vector.cpp in Sources */ = {isa = PBXBuildFile; fileRef = 69960E1C0BA5264A00F18D09 /* VS_Vector.cpp */; };
		69960E590BA559C900F18D09 /* VS_Screen.cpp in Sources */ = {isa = PBXBuildFile; fileRef = 69960E570BA559C900F18D09 /* VS_Screen.cpp */; };
		69960EAE0BA55E4F00F18D09 /* VS_Layer.cpp in Sources */ = {isa = PBXBuildFile; fileRef = 69960EAC0BA55E4F00F18D09 /* VS_Layer.cpp */; };
		69960EC30BA55F7000F18D09 /* VS_Entity.cpp in Sources */ = {isa = PBXBuildFile; fileRef = 69960EC10BA55F7000F18D09 /* VS_Entity.cpp */; };
		69960F140BA562C300F18D09 /* CORE_Game.cpp in Sources */ = {isa = PBXBuildFile; fileRef = 69960F120BA562C300F18D09 /* CORE_Game.cpp */; };
		69960F960BA566FB00F18D09 /* VS_Sprite.cpp in Sources */ = {isa = PBXBuildFile; fileRef = 69960F940BA566FB00F18D09 /* VS_Sprite.cpp */; };
		69A1BB280D2E4E400045F854 /* VS_RendererBloom.cpp in Sources */ = {isa = PBXBuildFile; fileRef = 69A1BB270D2E4E400045F854 /* VS_RendererBloom.cpp */; };
		69AB58330BACAE3200AD055E /* VS_Color.cpp in Sources */ = {isa = PBXBuildFile; fileRef = 69AB58290BACAE3200AD055E /* VS_Color.cpp */; };
		69AB58350BACAE3200AD055E /* VS_DisplayList.cpp in Sources */ = {isa = PBXBuildFile; fileRef = 69AB582B0BACAE3200AD055E /* VS_DisplayList.cpp */; };
		69AB58370BACAE3200AD055E /* VS_Renderer.cpp in Sources */ = {isa = PBXBuildFile; fileRef = 69AB582D0BACAE3200AD055E /* VS_Renderer.cpp */; };
		69AB58390BACAE3200AD055E /* VS_RendererPretty.cpp in Sources */ = {isa = PBXBuildFile; fileRef = 69AB582F0BACAE3200AD055E /* VS_RendererPretty.cpp */; };
		69AB583B0BACAE3200AD055E /* VS_RendererSimple.cpp in Sources */ = {isa = PBXBuildFile; fileRef = 69AB58310BACAE3200AD055E /* VS_RendererSimple.cpp */; };
		69AB58520BACAE6E00AD055E /* GM_MainMenu.cpp in Sources */ = {isa = PBXBuildFile; fileRef = 69AB58500BACAE6E00AD055E /* GM_MainMenu.cpp */; };
		69AB588D0BACB33800AD055E /* CORE_GameSystem.cpp in Sources */ = {isa = PBXBuildFile; fileRef = 69AB588B0BACB33800AD055E /* CORE_GameSystem.cpp */; };
		69AB58C70BACB6C200AD055E /* CORE_GameMode.cpp in Sources */ = {isa = PBXBuildFile; fileRef = 69AB58C50BACB6C200AD055E /* CORE_GameMode.cpp */; };
		69AB58E40BACB7E900AD055E /* SYS_Input.cpp in Sources */ = {isa = PBXBuildFile; fileRef = 69AB58E20BACB7E900AD055E /* SYS_Input.cpp */; };
		69AB5B310BACD9F900AD055E /* VS_Transform.cpp in Sources */ = {isa = PBXBuildFile; fileRef = 69AB5B2F0BACD9F900AD055E /* VS_Transform.cpp */; };
		69AB5BC80BACFBC500AD055E /* FS_File.cpp in Sources */ = {isa = PBXBuildFile; fileRef = 69AB5BC60BACFBC500AD055E /* FS_File.cpp */; };
		69B445690BB3CFF70039141B /* COL_System.cpp in Sources */ = {isa = PBXBuildFile; fileRef = 69B445670BB3CFF70039141B /* COL_System.cpp */; };
		69B4EF6B0BAFEF2A0032E68D /* VS_Camera.cpp in Sources */ = {isa = PBXBuildFile; fileRef = 69B4EF690BAFEF2A0032E68D /* VS_Camera.cpp */; };
		69BC5BD20D2A2D190087C410 /* SST_ModeInGame.cpp in Sources */ = {isa = PBXBuildFile; fileRef = 69BC5BD10D2A2D190087C410 /* SST_ModeInGame.cpp */; };
		69BC5CB10D2A532B0087C410 /* SST_ModeTitleScreen.cpp in Sources */ = {isa = PBXBuildFile; fileRef = 69BC5CB00D2A532B0087C410 /* SST_ModeTitleScreen.cpp */; };
		69C9C97B0BFDD3FD00A6976A /* VS_LocalisationTable.h in Copy Frameworks into .app bundle */ = {isa = PBXBuildFile; fileRef = 69C9C9790BFDD3FD00A6976A /* VS_LocalisationTable.h */; };
		69C9C97C0BFDD3FD00A6976A /* VS_LocalisationTable.cpp in Sources */ = {isa = PBXBuildFile; fileRef = 69C9C97A0BFDD3FD00A6976A /* VS_LocalisationTable.cpp */; };
		69C9CAA40BFDE2F500A6976A /* VS_Log.h in Copy Frameworks into .app bundle */ = {isa = PBXBuildFile; fileRef = 69C9CAA20BFDE2F500A6976A /* VS_Log.h */; };
		69C9CAA50BFDE2F500A6976A /* VS_Log.cpp in Sources */ = {isa = PBXBuildFile; fileRef = 69C9CAA30BFDE2F500A6976A /* VS_Log.cpp */; };
		69C9CB3E0BFDE71900A6976A /* VS_Debug.h in Copy Frameworks into .app bundle */ = {isa = PBXBuildFile; fileRef = 69C9CB3C0BFDE71900A6976A /* VS_Debug.h */; };
		69C9CB3F0BFDE71900A6976A /* VS_Debug.cpp in Sources */ = {isa = PBXBuildFile; fileRef = 69C9CB3D0BFDE71900A6976A /* VS_Debug.cpp */; };
		69C9CB6A0BFDE8AF00A6976A /* VS_Prefix_Debug.h in Copy Frameworks into .app bundle */ = {isa = PBXBuildFile; fileRef = 69C9CB690BFDE8AF00A6976A /* VS_Prefix_Debug.h */; };
		69CF6C610D26637A00BE050A /* AST_ModeInGame.cpp in Sources */ = {isa = PBXBuildFile; fileRef = 69CF6C600D26637A00BE050A /* AST_ModeInGame.cpp */; };
		69CF6D310D266FEB00BE050A /* AST_ModeTitleScreen.cpp in Sources */ = {isa = PBXBuildFile; fileRef = 69CF6D300D266FEB00BE050A /* AST_ModeTitleScreen.cpp */; };
		69CF6DF50D267DCD00BE050A /* AST_ModeGameOver.cpp in Sources */ = {isa = PBXBuildFile; fileRef = 69CF6DF30D267DCD00BE050A /* AST_ModeGameOver.cpp */; };
		69DF88090BFDBF950080152E /* MIX_StrongPointer.h in Copy Frameworks into .app bundle */ = {isa = PBXBuildFile; fileRef = 69DF88070BFDBF950080152E /* MIX_StrongPointer.h */; };
		69DF880A0BFDBF950080152E /* MIX_StrongPointerTarget.h in Copy Frameworks into .app bundle */ = {isa = PBXBuildFile; fileRef = 69DF88080BFDBF950080152E /* MIX_StrongPointerTarget.h */; };
		69E3D1D70D338C3900F64A67 /* Glew.framework in Frameworks */ = {isa = PBXBuildFile; fileRef = 69E3D1D60D338C3900F64A67 /* Glew.framework */; };
		69E6FEE80D234FC7000C2A07 /* FS_Record.cpp in Sources */ = {isa = PBXBuildFile; fileRef = 69E6FEE70D234FC7000C2A07 /* FS_Record.cpp */; };
		69F506AF0D24F84B001541A3 /* CORE_Version.cpp in Sources */ = {isa = PBXBuildFile; fileRef = 69F506AD0D24F84B001541A3 /* CORE_Version.cpp */; };
		69F507770D250973001541A3 /* PREF_Game.cpp in Sources */ = {isa = PBXBuildFile; fileRef = 69F507750D250973001541A3 /* PREF_Game.cpp */; };
		69F508680D2628E9001541A3 /* UT_Menu.cpp in Sources */ = {isa = PBXBuildFile; fileRef = 69F508660D2628E9001541A3 /* UT_Menu.cpp */; };
		69F6A7D40BBD2844005E85EE /* VS_Font.cpp in Sources */ = {isa = PBXBuildFile; fileRef = 69F6A7D20BBD2844005E85EE /* VS_Font.cpp */; };
		69F6A9120BBDBBCE005E85EE /* COL_Object.cpp in Sources */ = {isa = PBXBuildFile; fileRef = 69F6A9100BBDBBCE005E85EE /* COL_Object.cpp */; };
		69F973920BE3638900DA7A5E /* SDL_mixer.framework in Copy Frameworks into .app bundle */ = {isa = PBXBuildFile; fileRef = 6918CC960BC921E7006AD5F0 /* SDL_mixer.framework */; };
		69F9EA8B0D026B6A00AD83A1 /* TB_Game.cpp in Sources */ = {isa = PBXBuildFile; fileRef = 69F9EA8A0D026B6A00AD83A1 /* TB_Game.cpp */; };
		69FC60150BB5FA32001395E7 /* AST_Game.cpp in Sources */ = {isa = PBXBuildFile; fileRef = 69FC60130BB5FA32001395E7 /* AST_Game.cpp */; };
		69FC602B0BB5FB03001395E7 /* AST_Camera.cpp in Sources */ = {isa = PBXBuildFile; fileRef = 69FC60290BB5FB03001395E7 /* AST_Camera.cpp */; };
		69FC602F0BB5FB17001395E7 /* AST_PlayerShip.cpp in Sources */ = {isa = PBXBuildFile; fileRef = 69FC602D0BB5FB17001395E7 /* AST_PlayerShip.cpp */; };
		69FC60E60BB6218C001395E7 /* Core.cpp in Sources */ = {isa = PBXBuildFile; fileRef = 69FC60E40BB6218C001395E7 /* Core.cpp */; };
		69FC61190BB62515001395E7 /* CORE_GameRegistry.cpp in Sources */ = {isa = PBXBuildFile; fileRef = 69FC61170BB62515001395E7 /* CORE_GameRegistry.cpp */; };
		8D11072B0486CEB800E47090 /* InfoPlist.strings in Resources */ = {isa = PBXBuildFile; fileRef = 089C165CFE840E0CC02AAC07 /* InfoPlist.strings */; };
		8D11072F0486CEB800E47090 /* Cocoa.framework in Frameworks */ = {isa = PBXBuildFile; fileRef = 1058C7A1FEA54F0111CA2CBB /* Cocoa.framework */; };
/* End PBXBuildFile section */

/* Begin PBXCopyFilesBuildPhase section */
		002F39FD09D0883400EBEB88 /* Copy Frameworks into .app bundle */ = {
			isa = PBXCopyFilesBuildPhase;
			buildActionMask = 2147483647;
			dstPath = "";
			dstSubfolderSpec = 10;
			files = (
				69F973920BE3638900DA7A5E /* SDL_mixer.framework in Copy Frameworks into .app bundle */,
				002F3A0009D0884600EBEB88 /* SDL.framework in Copy Frameworks into .app bundle */,
				694CCF7B0BFC642D002E4026 /* VS_Math.h in Copy Frameworks into .app bundle */,
				694CCF920BFC69F1002E4026 /* VS_String.h in Copy Frameworks into .app bundle */,
				69DF88090BFDBF950080152E /* MIX_StrongPointer.h in Copy Frameworks into .app bundle */,
				69DF880A0BFDBF950080152E /* MIX_StrongPointerTarget.h in Copy Frameworks into .app bundle */,
				69C9C97B0BFDD3FD00A6976A /* VS_LocalisationTable.h in Copy Frameworks into .app bundle */,
				69C9CAA40BFDE2F500A6976A /* VS_Log.h in Copy Frameworks into .app bundle */,
				69C9CB3E0BFDE71900A6976A /* VS_Debug.h in Copy Frameworks into .app bundle */,
				69C9CB6A0BFDE8AF00A6976A /* VS_Prefix_Debug.h in Copy Frameworks into .app bundle */,
				693E36250CA9C4ED00DA23B4 /* SST_Fireworks.h in Copy Frameworks into .app bundle */,
				693E36270CA9C4ED00DA23B4 /* SST_Game.h in Copy Frameworks into .app bundle */,
				693E36290CA9C4ED00DA23B4 /* SST_Hud.h in Copy Frameworks into .app bundle */,
				693E362B0CA9C4ED00DA23B4 /* SST_Rocket.h in Copy Frameworks into .app bundle */,
				693E362D0CA9C4ED00DA23B4 /* SST_Sequence.h in Copy Frameworks into .app bundle */,
			);
			name = "Copy Frameworks into .app bundle";
			runOnlyForDeploymentPostprocessing = 0;
		};
/* End PBXCopyFilesBuildPhase section */

/* Begin PBXFileReference section */
		002F39F909D0881F00EBEB88 /* SDL.framework */ = {isa = PBXFileReference; lastKnownFileType = wrapper.framework; name = SDL.framework; path = /Library/Frameworks/SDL.framework; sourceTree = "<absolute>"; };
		002F3C0009D093BD00EBEB88 /* OpenGL.framework */ = {isa = PBXFileReference; lastKnownFileType = wrapper.framework; name = OpenGL.framework; path = /System/Library/Frameworks/OpenGL.framework; sourceTree = "<absolute>"; };
		002F3C6009D0951E00EBEB88 /* GLUT.framework */ = {isa = PBXFileReference; lastKnownFileType = wrapper.framework; name = GLUT.framework; path = ../../../../../../../../../../System/Library/Frameworks/GLUT.framework; sourceTree = SOURCE_ROOT; };
		089C165DFE840E0CC02AAC07 /* English */ = {isa = PBXFileReference; fileEncoding = 10; lastKnownFileType = text.plist.strings; name = English; path = English.lproj/InfoPlist.strings; sourceTree = "<group>"; };
		1058C7A1FEA54F0111CA2CBB /* Cocoa.framework */ = {isa = PBXFileReference; lastKnownFileType = wrapper.framework; name = Cocoa.framework; path = /System/Library/Frameworks/Cocoa.framework; sourceTree = "<absolute>"; };
		29B97324FDCFA39411CA2CEA /* AppKit.framework */ = {isa = PBXFileReference; lastKnownFileType = wrapper.framework; name = AppKit.framework; path = /System/Library/Frameworks/AppKit.framework; sourceTree = "<absolute>"; };
		29B97325FDCFA39411CA2CEA /* Foundation.framework */ = {isa = PBXFileReference; lastKnownFileType = wrapper.framework; name = Foundation.framework; path = /System/Library/Frameworks/Foundation.framework; sourceTree = "<absolute>"; };
		690230C60BBDD12B007ADE88 /* MIX_Singleton.h */ = {isa = PBXFileReference; fileEncoding = 4; lastKnownFileType = sourcecode.c.h; name = MIX_Singleton.h; path = Mix/MIX_Singleton.h; sourceTree = "<group>"; };
		6902311D0BBDD435007ADE88 /* MIX_AutomaticInstanceList.h */ = {isa = PBXFileReference; fileEncoding = 4; lastKnownFileType = sourcecode.c.h; name = MIX_AutomaticInstanceList.h; path = Mix/MIX_AutomaticInstanceList.h; sourceTree = "<group>"; };
		6904B5C40D238FA100F60A57 /* VS_Preferences.cpp */ = {isa = PBXFileReference; fileEncoding = 4; lastKnownFileType = sourcecode.cpp.cpp; name = VS_Preferences.cpp; path = VS/Utils/VS_Preferences.cpp; sourceTree = "<group>"; };
		6904B5C50D238FA100F60A57 /* VS_Preferences.h */ = {isa = PBXFileReference; fileEncoding = 4; lastKnownFileType = sourcecode.c.h; name = VS_Preferences.h; path = VS/Utils/VS_Preferences.h; sourceTree = "<group>"; };
		6909A3170BF5942E00A14EFF /* MEM_Store.h */ = {isa = PBXFileReference; fileEncoding = 4; lastKnownFileType = sourcecode.c.h; name = MEM_Store.h; path = Memory/MEM_Store.h; sourceTree = "<group>"; };
		6909A3180BF5942E00A14EFF /* MEM_Store.cpp */ = {isa = PBXFileReference; fileEncoding = 4; lastKnownFileType = sourcecode.cpp.cpp; name = MEM_Store.cpp; path = Memory/MEM_Store.cpp; sourceTree = "<group>"; };
		690A75BD0BEDC891003414AC /* SYS_Timer.cpp */ = {isa = PBXFileReference; fileEncoding = 30; lastKnownFileType = sourcecode.cpp.cpp; name = SYS_Timer.cpp; path = Systems/SYS_Timer.cpp; sourceTree = "<group>"; };
		690A75BE0BEDC891003414AC /* SYS_Timer.h */ = {isa = PBXFileReference; fileEncoding = 30; lastKnownFileType = sourcecode.c.h; name = SYS_Timer.h; path = Systems/SYS_Timer.h; sourceTree = "<group>"; };
		690B04AC0BC3BE5600AE1A42 /* PHYS_Sprite.h */ = {isa = PBXFileReference; fileEncoding = 4; lastKnownFileType = sourcecode.c.h; name = PHYS_Sprite.h; path = Systems/Collision/PHYS_Sprite.h; sourceTree = "<group>"; };
		690B04AD0BC3BE5600AE1A42 /* PHYS_Sprite.cpp */ = {isa = PBXFileReference; fileEncoding = 4; lastKnownFileType = sourcecode.cpp.cpp; name = PHYS_Sprite.cpp; path = Systems/Collision/PHYS_Sprite.cpp; sourceTree = "<group>"; };
		690BFD580BC271A000AE1A42 /* COL_Sprite.h */ = {isa = PBXFileReference; fileEncoding = 4; lastKnownFileType = sourcecode.c.h; name = COL_Sprite.h; path = Systems/Collision/COL_Sprite.h; sourceTree = "<group>"; };
		690BFD590BC271A000AE1A42 /* COL_Sprite.cpp */ = {isa = PBXFileReference; fileEncoding = 4; lastKnownFileType = sourcecode.cpp.cpp; name = COL_Sprite.cpp; path = Systems/Collision/COL_Sprite.cpp; sourceTree = "<group>"; };
		690F7D120BD0F64200AF62A4 /* AST_PlayerShot.h */ = {isa = PBXFileReference; fileEncoding = 4; lastKnownFileType = sourcecode.c.h; name = AST_PlayerShot.h; path = Games/Asteroids/AST_PlayerShot.h; sourceTree = "<group>"; };
		690F7D130BD0F64200AF62A4 /* AST_PlayerShot.cpp */ = {isa = PBXFileReference; fileEncoding = 4; lastKnownFileType = sourcecode.cpp.cpp; name = AST_PlayerShot.cpp; path = Games/Asteroids/AST_PlayerShot.cpp; sourceTree = "<group>"; };
		6918CC4F0BC91F02006AD5F0 /* SND_System.cpp */ = {isa = PBXFileReference; fileEncoding = 30; lastKnownFileType = sourcecode.cpp.cpp; name = SND_System.cpp; path = Sound/SND_System.cpp; sourceTree = "<group>"; };
		6918CC500BC91F02006AD5F0 /* SND_System.h */ = {isa = PBXFileReference; fileEncoding = 30; lastKnownFileType = sourcecode.c.h; name = SND_System.h; path = Sound/SND_System.h; sourceTree = "<group>"; };
		6918CC960BC921E7006AD5F0 /* SDL_mixer.framework */ = {isa = PBXFileReference; lastKnownFileType = wrapper.framework; name = SDL_mixer.framework; path = /Library/Frameworks/SDL_mixer.framework; sourceTree = "<absolute>"; };
		6918CDEC0BC9B9B0006AD5F0 /* SND_Music.h */ = {isa = PBXFileReference; fileEncoding = 4; lastKnownFileType = sourcecode.c.h; name = SND_Music.h; path = Sound/SND_Music.h; sourceTree = "<group>"; };
		6918CDED0BC9B9B0006AD5F0 /* SND_Music.cpp */ = {isa = PBXFileReference; fileEncoding = 4; lastKnownFileType = sourcecode.cpp.cpp; name = SND_Music.cpp; path = Sound/SND_Music.cpp; sourceTree = "<group>"; };
		6918CE730BC9CB06006AD5F0 /* SND_Sample.h */ = {isa = PBXFileReference; fileEncoding = 4; lastKnownFileType = sourcecode.c.h; name = SND_Sample.h; path = Sound/SND_Sample.h; sourceTree = "<group>"; };
		6918CE740BC9CB06006AD5F0 /* SND_Sample.cpp */ = {isa = PBXFileReference; fileEncoding = 4; lastKnownFileType = sourcecode.cpp.cpp; name = SND_Sample.cpp; path = Sound/SND_Sample.cpp; sourceTree = "<group>"; };
		6918CFCF0BCA3F6B006AD5F0 /* Data */ = {isa = PBXFileReference; lastKnownFileType = folder; path = Data; sourceTree = "<group>"; };
		69207B770BC88E4E00268603 /* MEM_Heap.h */ = {isa = PBXFileReference; fileEncoding = 4; lastKnownFileType = sourcecode.c.h; name = MEM_Heap.h; path = Memory/MEM_Heap.h; sourceTree = "<group>"; };
		69207B780BC88E4E00268603 /* MEM_Heap.cpp */ = {isa = PBXFileReference; fileEncoding = 4; lastKnownFileType = sourcecode.cpp.cpp; name = MEM_Heap.cpp; path = Memory/MEM_Heap.cpp; sourceTree = "<group>"; };
		69207BC70BC8936500268603 /* VS_Prefix.h */ = {isa = PBXFileReference; fileEncoding = 4; lastKnownFileType = sourcecode.c.h; name = VS_Prefix.h; path = vs/VS_Prefix.h; sourceTree = "<group>"; };
		69207CB00BC89D4B00268603 /* SDLMain.h */ = {isa = PBXFileReference; fileEncoding = 30; lastKnownFileType = sourcecode.c.h; path = SDLMain.h; sourceTree = "<group>"; };
		69207CB10BC89D4B00268603 /* SDLMain.m */ = {isa = PBXFileReference; fileEncoding = 30; lastKnownFileType = sourcecode.c.objc; path = SDLMain.m; sourceTree = "<group>"; };
		692D668F0BCA687400B6E2FD /* AST_Hud.h */ = {isa = PBXFileReference; fileEncoding = 4; lastKnownFileType = sourcecode.c.h; name = AST_Hud.h; path = Games/Asteroids/AST_Hud.h; sourceTree = "<group>"; };
		692D66900BCA687400B6E2FD /* AST_Hud.cpp */ = {isa = PBXFileReference; fileEncoding = 4; lastKnownFileType = sourcecode.cpp.cpp; name = AST_Hud.cpp; path = Games/Asteroids/AST_Hud.cpp; sourceTree = "<group>"; };
		693E361A0CA9C4ED00DA23B4 /* SST_Fireworks.cpp */ = {isa = PBXFileReference; fileEncoding = 30; lastKnownFileType = sourcecode.cpp.cpp; name = SST_Fireworks.cpp; path = Games/StarShot/SST_Fireworks.cpp; sourceTree = "<group>"; };
		693E361B0CA9C4ED00DA23B4 /* SST_Fireworks.h */ = {isa = PBXFileReference; fileEncoding = 30; lastKnownFileType = sourcecode.c.h; name = SST_Fireworks.h; path = Games/StarShot/SST_Fireworks.h; sourceTree = "<group>"; };
		693E361C0CA9C4ED00DA23B4 /* SST_Game.cpp */ = {isa = PBXFileReference; fileEncoding = 30; lastKnownFileType = sourcecode.cpp.cpp; name = SST_Game.cpp; path = Games/StarShot/SST_Game.cpp; sourceTree = "<group>"; };
		693E361D0CA9C4ED00DA23B4 /* SST_Game.h */ = {isa = PBXFileReference; fileEncoding = 30; lastKnownFileType = sourcecode.c.h; name = SST_Game.h; path = Games/StarShot/SST_Game.h; sourceTree = "<group>"; };
		693E361E0CA9C4ED00DA23B4 /* SST_Hud.cpp */ = {isa = PBXFileReference; fileEncoding = 30; lastKnownFileType = sourcecode.cpp.cpp; name = SST_Hud.cpp; path = Games/StarShot/SST_Hud.cpp; sourceTree = "<group>"; };
		693E361F0CA9C4ED00DA23B4 /* SST_Hud.h */ = {isa = PBXFileReference; fileEncoding = 30; lastKnownFileType = sourcecode.c.h; name = SST_Hud.h; path = Games/StarShot/SST_Hud.h; sourceTree = "<group>"; };
		693E36200CA9C4ED00DA23B4 /* SST_Rocket.cpp */ = {isa = PBXFileReference; fileEncoding = 30; lastKnownFileType = sourcecode.cpp.cpp; name = SST_Rocket.cpp; path = Games/StarShot/SST_Rocket.cpp; sourceTree = "<group>"; };
		693E36210CA9C4ED00DA23B4 /* SST_Rocket.h */ = {isa = PBXFileReference; fileEncoding = 30; lastKnownFileType = sourcecode.c.h; name = SST_Rocket.h; path = Games/StarShot/SST_Rocket.h; sourceTree = "<group>"; };
		693E36220CA9C4ED00DA23B4 /* SST_Sequence.cpp */ = {isa = PBXFileReference; fileEncoding = 30; lastKnownFileType = sourcecode.cpp.cpp; name = SST_Sequence.cpp; path = Games/StarShot/SST_Sequence.cpp; sourceTree = "<group>"; };
		693E36230CA9C4ED00DA23B4 /* SST_Sequence.h */ = {isa = PBXFileReference; fileEncoding = 30; lastKnownFileType = sourcecode.c.h; name = SST_Sequence.h; path = Games/StarShot/SST_Sequence.h; sourceTree = "<group>"; };
		694A64070BD6245000563F49 /* PHYS_Emitter.h */ = {isa = PBXFileReference; fileEncoding = 4; lastKnownFileType = sourcecode.c.h; name = PHYS_Emitter.h; path = Systems/Collision/PHYS_Emitter.h; sourceTree = "<group>"; };
		694A64080BD6245000563F49 /* PHYS_Emitter.cpp */ = {isa = PBXFileReference; fileEncoding = 4; lastKnownFileType = sourcecode.cpp.cpp; name = PHYS_Emitter.cpp; path = Systems/Collision/PHYS_Emitter.cpp; sourceTree = "<group>"; };
		694A655C0BD6328800563F49 /* VS_Random.h */ = {isa = PBXFileReference; fileEncoding = 4; lastKnownFileType = sourcecode.c.h; name = VS_Random.h; path = VS/Math/VS_Random.h; sourceTree = "<group>"; };
		694A655D0BD6328800563F49 /* VS_Random.cpp */ = {isa = PBXFileReference; fileEncoding = 4; lastKnownFileType = sourcecode.cpp.cpp; name = VS_Random.cpp; path = VS/Math/VS_Random.cpp; sourceTree = "<group>"; };
		694CCF790BFC642D002E4026 /* VS_Math.h */ = {isa = PBXFileReference; fileEncoding = 4; lastKnownFileType = sourcecode.c.h; name = VS_Math.h; path = VS/Math/VS_Math.h; sourceTree = "<group>"; };
		694CCF7A0BFC642D002E4026 /* VS_Math.cpp */ = {isa = PBXFileReference; fileEncoding = 4; lastKnownFileType = sourcecode.cpp.cpp; name = VS_Math.cpp; path = VS/Math/VS_Math.cpp; sourceTree = "<group>"; };
		694CCF900BFC69F1002E4026 /* VS_String.h */ = {isa = PBXFileReference; fileEncoding = 4; lastKnownFileType = sourcecode.c.h; name = VS_String.h; path = VS/Utils/VS_String.h; sourceTree = "<group>"; };
		694CCF910BFC69F1002E4026 /* VS_String.cpp */ = {isa = PBXFileReference; fileEncoding = 4; lastKnownFileType = sourcecode.cpp.cpp; name = VS_String.cpp; path = VS/Utils/VS_String.cpp; sourceTree = "<group>"; };
		69804DE30BCBAD85001677EA /* AST_Star.h */ = {isa = PBXFileReference; fileEncoding = 4; lastKnownFileType = sourcecode.c.h; name = AST_Star.h; path = Games/Asteroids/AST_Star.h; sourceTree = "<group>"; };
		69804DE40BCBAD85001677EA /* AST_Star.cpp */ = {isa = PBXFileReference; fileEncoding = 4; lastKnownFileType = sourcecode.cpp.cpp; name = AST_Star.cpp; path = Games/Asteroids/AST_Star.cpp; sourceTree = "<group>"; };
		698698190D29CC05009FF9A2 /* AST_HowToPlay.h */ = {isa = PBXFileReference; fileEncoding = 4; lastKnownFileType = sourcecode.c.h; name = AST_HowToPlay.h; path = Games/Asteroids/AST_HowToPlay.h; sourceTree = "<group>"; };
		6986981A0D29CC05009FF9A2 /* AST_HowToPlay.cpp */ = {isa = PBXFileReference; fileEncoding = 4; lastKnownFileType = sourcecode.cpp.cpp; name = AST_HowToPlay.cpp; path = Games/Asteroids/AST_HowToPlay.cpp; sourceTree = "<group>"; };
		6986984C0D29FF25009FF9A2 /* AST_ModeHowTo.cpp */ = {isa = PBXFileReference; fileEncoding = 4; lastKnownFileType = sourcecode.cpp.cpp; name = AST_ModeHowTo.cpp; path = Games/Asteroids/AST_ModeHowTo.cpp; sourceTree = "<group>"; };
		6986984D0D29FF25009FF9A2 /* AST_ModeHowTo.h */ = {isa = PBXFileReference; fileEncoding = 4; lastKnownFileType = sourcecode.c.h; name = AST_ModeHowTo.h; path = Games/Asteroids/AST_ModeHowTo.h; sourceTree = "<group>"; };
		698D807E0D23B7B30016CD35 /* VS_System.h */ = {isa = PBXFileReference; fileEncoding = 4; lastKnownFileType = sourcecode.c.h; name = VS_System.h; path = VS/Utils/VS_System.h; sourceTree = "<group>"; };
		698D807F0D23B7B30016CD35 /* VS_System.cpp */ = {isa = PBXFileReference; fileEncoding = 4; lastKnownFileType = sourcecode.cpp.cpp; name = VS_System.cpp; path = VS/Utils/VS_System.cpp; sourceTree = "<group>"; };
		6995AA050BCA4CA3000C13AE /* AST_Asteroid.h */ = {isa = PBXFileReference; fileEncoding = 4; lastKnownFileType = sourcecode.c.h; name = AST_Asteroid.h; path = Games/Asteroids/AST_Asteroid.h; sourceTree = "<group>"; };
		6995AA060BCA4CA3000C13AE /* AST_Asteroid.cpp */ = {isa = PBXFileReference; fileEncoding = 4; lastKnownFileType = sourcecode.cpp.cpp; name = AST_Asteroid.cpp; path = Games/Asteroids/AST_Asteroid.cpp; sourceTree = "<group>"; };
		69960E1A0BA5264A00F18D09 /* VS_Angle.cpp */ = {isa = PBXFileReference; fileEncoding = 30; lastKnownFileType = sourcecode.cpp.cpp; name = VS_Angle.cpp; path = vs/Math/VS_Angle.cpp; sourceTree = "<group>"; };
		69960E1B0BA5264A00F18D09 /* VS_Angle.h */ = {isa = PBXFileReference; fileEncoding = 30; lastKnownFileType = sourcecode.c.h; name = VS_Angle.h; path = vs/Math/VS_Angle.h; sourceTree = "<group>"; };
		69960E1C0BA5264A00F18D09 /* VS_Vector.cpp */ = {isa = PBXFileReference; fileEncoding = 30; lastKnownFileType = sourcecode.cpp.cpp; name = VS_Vector.cpp; path = vs/Math/VS_Vector.cpp; sourceTree = "<group>"; };
		69960E1D0BA5264A00F18D09 /* VS_Vector.h */ = {isa = PBXFileReference; fileEncoding = 30; lastKnownFileType = sourcecode.c.h; name = VS_Vector.h; path = vs/Math/VS_Vector.h; sourceTree = "<group>"; };
		69960E560BA559C900F18D09 /* VS_Screen.h */ = {isa = PBXFileReference; fileEncoding = 4; lastKnownFileType = sourcecode.c.h; name = VS_Screen.h; path = vs/Graphics/VS_Screen.h; sourceTree = "<group>"; };
		69960E570BA559C900F18D09 /* VS_Screen.cpp */ = {isa = PBXFileReference; fileEncoding = 4; lastKnownFileType = sourcecode.cpp.cpp; name = VS_Screen.cpp; path = vs/Graphics/VS_Screen.cpp; sourceTree = "<group>"; };
		69960EAB0BA55E4F00F18D09 /* VS_Layer.h */ = {isa = PBXFileReference; fileEncoding = 4; lastKnownFileType = sourcecode.c.h; name = VS_Layer.h; path = vs/Graphics/VS_Layer.h; sourceTree = "<group>"; };
		69960EAC0BA55E4F00F18D09 /* VS_Layer.cpp */ = {isa = PBXFileReference; fileEncoding = 4; lastKnownFileType = sourcecode.cpp.cpp; name = VS_Layer.cpp; path = vs/Graphics/VS_Layer.cpp; sourceTree = "<group>"; };
		69960EC00BA55F7000F18D09 /* VS_Entity.h */ = {isa = PBXFileReference; fileEncoding = 4; lastKnownFileType = sourcecode.c.h; name = VS_Entity.h; path = vs/Graphics/VS_Entity.h; sourceTree = "<group>"; };
		69960EC10BA55F7000F18D09 /* VS_Entity.cpp */ = {isa = PBXFileReference; fileEncoding = 4; lastKnownFileType = sourcecode.cpp.cpp; name = VS_Entity.cpp; path = vs/Graphics/VS_Entity.cpp; sourceTree = "<group>"; };
		69960F120BA562C300F18D09 /* CORE_Game.cpp */ = {isa = PBXFileReference; fileEncoding = 30; lastKnownFileType = sourcecode.cpp.cpp; name = CORE_Game.cpp; path = Core/CORE_Game.cpp; sourceTree = "<group>"; };
		69960F130BA562C300F18D09 /* CORE_Game.h */ = {isa = PBXFileReference; fileEncoding = 30; lastKnownFileType = sourcecode.c.h; name = CORE_Game.h; path = Core/CORE_Game.h; sourceTree = "<group>"; };
		69960F930BA566FB00F18D09 /* VS_Sprite.h */ = {isa = PBXFileReference; fileEncoding = 4; lastKnownFileType = sourcecode.c.h; name = VS_Sprite.h; path = vs/Graphics/VS_Sprite.h; sourceTree = "<group>"; };
		69960F940BA566FB00F18D09 /* VS_Sprite.cpp */ = {isa = PBXFileReference; fileEncoding = 4; lastKnownFileType = sourcecode.cpp.cpp; name = VS_Sprite.cpp; path = vs/Graphics/VS_Sprite.cpp; sourceTree = "<group>"; };
		69A1BB260D2E4E400045F854 /* VS_RendererBloom.h */ = {isa = PBXFileReference; fileEncoding = 4; lastKnownFileType = sourcecode.c.h; name = VS_RendererBloom.h; path = VS/Graphics/VS_RendererBloom.h; sourceTree = "<group>"; };
		69A1BB270D2E4E400045F854 /* VS_RendererBloom.cpp */ = {isa = PBXFileReference; fileEncoding = 4; lastKnownFileType = sourcecode.cpp.cpp; name = VS_RendererBloom.cpp; path = VS/Graphics/VS_RendererBloom.cpp; sourceTree = "<group>"; };
		69AB58290BACAE3200AD055E /* VS_Color.cpp */ = {isa = PBXFileReference; fileEncoding = 30; lastKnownFileType = sourcecode.cpp.cpp; name = VS_Color.cpp; path = vs/Graphics/VS_Color.cpp; sourceTree = "<group>"; };
		69AB582A0BACAE3200AD055E /* VS_Color.h */ = {isa = PBXFileReference; fileEncoding = 30; lastKnownFileType = sourcecode.c.h; name = VS_Color.h; path = vs/Graphics/VS_Color.h; sourceTree = "<group>"; };
		69AB582B0BACAE3200AD055E /* VS_DisplayList.cpp */ = {isa = PBXFileReference; fileEncoding = 30; lastKnownFileType = sourcecode.cpp.cpp; name = VS_DisplayList.cpp; path = vs/Graphics/VS_DisplayList.cpp; sourceTree = "<group>"; };
		69AB582C0BACAE3200AD055E /* VS_DisplayList.h */ = {isa = PBXFileReference; fileEncoding = 30; lastKnownFileType = sourcecode.c.h; name = VS_DisplayList.h; path = vs/Graphics/VS_DisplayList.h; sourceTree = "<group>"; };
		69AB582D0BACAE3200AD055E /* VS_Renderer.cpp */ = {isa = PBXFileReference; fileEncoding = 30; lastKnownFileType = sourcecode.cpp.cpp; name = VS_Renderer.cpp; path = vs/Graphics/VS_Renderer.cpp; sourceTree = "<group>"; };
		69AB582E0BACAE3200AD055E /* VS_Renderer.h */ = {isa = PBXFileReference; fileEncoding = 30; lastKnownFileType = sourcecode.c.h; name = VS_Renderer.h; path = vs/Graphics/VS_Renderer.h; sourceTree = "<group>"; };
		69AB582F0BACAE3200AD055E /* VS_RendererPretty.cpp */ = {isa = PBXFileReference; fileEncoding = 30; lastKnownFileType = sourcecode.cpp.cpp; name = VS_RendererPretty.cpp; path = vs/Graphics/VS_RendererPretty.cpp; sourceTree = "<group>"; };
		69AB58300BACAE3200AD055E /* VS_RendererPretty.h */ = {isa = PBXFileReference; fileEncoding = 30; lastKnownFileType = sourcecode.c.h; name = VS_RendererPretty.h; path = vs/Graphics/VS_RendererPretty.h; sourceTree = "<group>"; };
		69AB58310BACAE3200AD055E /* VS_RendererSimple.cpp */ = {isa = PBXFileReference; fileEncoding = 30; lastKnownFileType = sourcecode.cpp.cpp; name = VS_RendererSimple.cpp; path = vs/Graphics/VS_RendererSimple.cpp; sourceTree = "<group>"; };
		69AB58320BACAE3200AD055E /* VS_RendererSimple.h */ = {isa = PBXFileReference; fileEncoding = 30; lastKnownFileType = sourcecode.c.h; name = VS_RendererSimple.h; path = vs/Graphics/VS_RendererSimple.h; sourceTree = "<group>"; };
		69AB584F0BACAE6E00AD055E /* GM_MainMenu.h */ = {isa = PBXFileReference; fileEncoding = 4; lastKnownFileType = sourcecode.c.h; name = GM_MainMenu.h; path = Games/GM_MainMenu.h; sourceTree = "<group>"; };
		69AB58500BACAE6E00AD055E /* GM_MainMenu.cpp */ = {isa = PBXFileReference; fileEncoding = 4; lastKnownFileType = sourcecode.cpp.cpp; name = GM_MainMenu.cpp; path = Games/GM_MainMenu.cpp; sourceTree = "<group>"; };
		69AB588A0BACB33800AD055E /* CORE_GameSystem.h */ = {isa = PBXFileReference; fileEncoding = 4; lastKnownFileType = sourcecode.c.h; name = CORE_GameSystem.h; path = Core/CORE_GameSystem.h; sourceTree = "<group>"; };
		69AB588B0BACB33800AD055E /* CORE_GameSystem.cpp */ = {isa = PBXFileReference; fileEncoding = 4; lastKnownFileType = sourcecode.cpp.cpp; name = CORE_GameSystem.cpp; path = Core/CORE_GameSystem.cpp; sourceTree = "<group>"; };
		69AB58C50BACB6C200AD055E /* CORE_GameMode.cpp */ = {isa = PBXFileReference; fileEncoding = 30; lastKnownFileType = sourcecode.cpp.cpp; name = CORE_GameMode.cpp; path = Core/CORE_GameMode.cpp; sourceTree = "<group>"; };
		69AB58C60BACB6C200AD055E /* CORE_GameMode.h */ = {isa = PBXFileReference; fileEncoding = 30; lastKnownFileType = sourcecode.c.h; name = CORE_GameMode.h; path = Core/CORE_GameMode.h; sourceTree = "<group>"; };
		69AB58E20BACB7E900AD055E /* SYS_Input.cpp */ = {isa = PBXFileReference; fileEncoding = 30; lastKnownFileType = sourcecode.cpp.cpp; name = SYS_Input.cpp; path = Systems/SYS_Input.cpp; sourceTree = "<group>"; };
		69AB58E30BACB7E900AD055E /* SYS_Input.h */ = {isa = PBXFileReference; fileEncoding = 30; lastKnownFileType = sourcecode.c.h; name = SYS_Input.h; path = Systems/SYS_Input.h; sourceTree = "<group>"; };
		69AB5B2F0BACD9F900AD055E /* VS_Transform.cpp */ = {isa = PBXFileReference; fileEncoding = 30; lastKnownFileType = sourcecode.cpp.cpp; name = VS_Transform.cpp; path = vs/Math/VS_Transform.cpp; sourceTree = "<group>"; };
		69AB5B300BACD9F900AD055E /* VS_Transform.h */ = {isa = PBXFileReference; fileEncoding = 30; lastKnownFileType = sourcecode.c.h; name = VS_Transform.h; path = vs/Math/VS_Transform.h; sourceTree = "<group>"; };
		69AB5BC50BACFBC500AD055E /* FS_File.h */ = {isa = PBXFileReference; fileEncoding = 4; lastKnownFileType = sourcecode.c.h; name = FS_File.h; path = Files/FS_File.h; sourceTree = "<group>"; };
		69AB5BC60BACFBC500AD055E /* FS_File.cpp */ = {isa = PBXFileReference; fileEncoding = 4; lastKnownFileType = sourcecode.cpp.cpp; name = FS_File.cpp; path = Files/FS_File.cpp; sourceTree = "<group>"; };
		69B445660BB3CFF70039141B /* COL_System.h */ = {isa = PBXFileReference; fileEncoding = 4; lastKnownFileType = sourcecode.c.h; name = COL_System.h; path = Systems/COL_System.h; sourceTree = "<group>"; };
		69B445670BB3CFF70039141B /* COL_System.cpp */ = {isa = PBXFileReference; fileEncoding = 4; lastKnownFileType = sourcecode.cpp.cpp; name = COL_System.cpp; path = Systems/COL_System.cpp; sourceTree = "<group>"; };
		69B4EF680BAFEF2A0032E68D /* VS_Camera.h */ = {isa = PBXFileReference; fileEncoding = 4; lastKnownFileType = sourcecode.c.h; name = VS_Camera.h; path = vs/Graphics/VS_Camera.h; sourceTree = "<group>"; };
		69B4EF690BAFEF2A0032E68D /* VS_Camera.cpp */ = {isa = PBXFileReference; fileEncoding = 4; lastKnownFileType = sourcecode.cpp.cpp; name = VS_Camera.cpp; path = vs/Graphics/VS_Camera.cpp; sourceTree = "<group>"; };
		69BC5BD00D2A2D190087C410 /* SST_ModeInGame.h */ = {isa = PBXFileReference; fileEncoding = 4; lastKnownFileType = sourcecode.c.h; name = SST_ModeInGame.h; path = Games/StarShot/SST_ModeInGame.h; sourceTree = "<group>"; };
		69BC5BD10D2A2D190087C410 /* SST_ModeInGame.cpp */ = {isa = PBXFileReference; fileEncoding = 4; lastKnownFileType = sourcecode.cpp.cpp; name = SST_ModeInGame.cpp; path = Games/StarShot/SST_ModeInGame.cpp; sourceTree = "<group>"; };
		69BC5CAF0D2A532B0087C410 /* SST_ModeTitleScreen.h */ = {isa = PBXFileReference; fileEncoding = 4; lastKnownFileType = sourcecode.c.h; name = SST_ModeTitleScreen.h; path = Games/StarShot/SST_ModeTitleScreen.h; sourceTree = "<group>"; };
		69BC5CB00D2A532B0087C410 /* SST_ModeTitleScreen.cpp */ = {isa = PBXFileReference; fileEncoding = 4; lastKnownFileType = sourcecode.cpp.cpp; name = SST_ModeTitleScreen.cpp; path = Games/StarShot/SST_ModeTitleScreen.cpp; sourceTree = "<group>"; };
		69C9C9790BFDD3FD00A6976A /* VS_LocalisationTable.h */ = {isa = PBXFileReference; fileEncoding = 4; lastKnownFileType = sourcecode.c.h; name = VS_LocalisationTable.h; path = VS/Utils/VS_LocalisationTable.h; sourceTree = "<group>"; };
		69C9C97A0BFDD3FD00A6976A /* VS_LocalisationTable.cpp */ = {isa = PBXFileReference; fileEncoding = 4; lastKnownFileType = sourcecode.cpp.cpp; name = VS_LocalisationTable.cpp; path = VS/Utils/VS_LocalisationTable.cpp; sourceTree = "<group>"; };
		69C9CAA20BFDE2F500A6976A /* VS_Log.h */ = {isa = PBXFileReference; fileEncoding = 4; lastKnownFileType = sourcecode.c.h; name = VS_Log.h; path = VS/Utils/VS_Log.h; sourceTree = "<group>"; };
		69C9CAA30BFDE2F500A6976A /* VS_Log.cpp */ = {isa = PBXFileReference; fileEncoding = 4; lastKnownFileType = sourcecode.cpp.cpp; name = VS_Log.cpp; path = VS/Utils/VS_Log.cpp; sourceTree = "<group>"; };
		69C9CB3C0BFDE71900A6976A /* VS_Debug.h */ = {isa = PBXFileReference; fileEncoding = 4; lastKnownFileType = sourcecode.c.h; name = VS_Debug.h; path = VS/Utils/VS_Debug.h; sourceTree = "<group>"; };
		69C9CB3D0BFDE71900A6976A /* VS_Debug.cpp */ = {isa = PBXFileReference; fileEncoding = 4; lastKnownFileType = sourcecode.cpp.cpp; name = VS_Debug.cpp; path = VS/Utils/VS_Debug.cpp; sourceTree = "<group>"; };
		69C9CB690BFDE8AF00A6976A /* VS_Prefix_Debug.h */ = {isa = PBXFileReference; fileEncoding = 4; lastKnownFileType = sourcecode.c.h; name = VS_Prefix_Debug.h; path = VS/VS_Prefix_Debug.h; sourceTree = "<group>"; };
		69CF6C5F0D26637A00BE050A /* AST_ModeInGame.h */ = {isa = PBXFileReference; fileEncoding = 4; lastKnownFileType = sourcecode.c.h; name = AST_ModeInGame.h; path = Games/Asteroids/AST_ModeInGame.h; sourceTree = "<group>"; };
		69CF6C600D26637A00BE050A /* AST_ModeInGame.cpp */ = {isa = PBXFileReference; fileEncoding = 4; lastKnownFileType = sourcecode.cpp.cpp; name = AST_ModeInGame.cpp; path = Games/Asteroids/AST_ModeInGame.cpp; sourceTree = "<group>"; };
		69CF6D2F0D266FEB00BE050A /* AST_ModeTitleScreen.h */ = {isa = PBXFileReference; fileEncoding = 4; lastKnownFileType = sourcecode.c.h; name = AST_ModeTitleScreen.h; path = Games/Asteroids/AST_ModeTitleScreen.h; sourceTree = "<group>"; };
		69CF6D300D266FEB00BE050A /* AST_ModeTitleScreen.cpp */ = {isa = PBXFileReference; fileEncoding = 4; lastKnownFileType = sourcecode.cpp.cpp; name = AST_ModeTitleScreen.cpp; path = Games/Asteroids/AST_ModeTitleScreen.cpp; sourceTree = "<group>"; };
		69CF6DF30D267DCD00BE050A /* AST_ModeGameOver.cpp */ = {isa = PBXFileReference; fileEncoding = 4; lastKnownFileType = sourcecode.cpp.cpp; name = AST_ModeGameOver.cpp; path = Games/Asteroids/AST_ModeGameOver.cpp; sourceTree = "<group>"; };
		69CF6DF40D267DCD00BE050A /* AST_ModeGameOver.h */ = {isa = PBXFileReference; fileEncoding = 4; lastKnownFileType = sourcecode.c.h; name = AST_ModeGameOver.h; path = Games/Asteroids/AST_ModeGameOver.h; sourceTree = "<group>"; };
		69DF88070BFDBF950080152E /* MIX_StrongPointer.h */ = {isa = PBXFileReference; fileEncoding = 30; lastKnownFileType = sourcecode.c.h; name = MIX_StrongPointer.h; path = Mix/MIX_StrongPointer.h; sourceTree = "<group>"; };
		69DF88080BFDBF950080152E /* MIX_StrongPointerTarget.h */ = {isa = PBXFileReference; fileEncoding = 30; lastKnownFileType = sourcecode.c.h; name = MIX_StrongPointerTarget.h; path = Mix/MIX_StrongPointerTarget.h; sourceTree = "<group>"; };
		69E3D1D60D338C3900F64A67 /* Glew.framework */ = {isa = PBXFileReference; lastKnownFileType = wrapper.framework; name = Glew.framework; path = /Library/Frameworks/Glew.framework; sourceTree = "<absolute>"; };
		69E6FEE60D234FC7000C2A07 /* FS_Record.h */ = {isa = PBXFileReference; fileEncoding = 4; lastKnownFileType = sourcecode.c.h; name = FS_Record.h; path = Files/FS_Record.h; sourceTree = "<group>"; };
		69E6FEE70D234FC7000C2A07 /* FS_Record.cpp */ = {isa = PBXFileReference; fileEncoding = 4; lastKnownFileType = sourcecode.cpp.cpp; name = FS_Record.cpp; path = Files/FS_Record.cpp; sourceTree = "<group>"; };
		69F506AD0D24F84B001541A3 /* CORE_Version.cpp */ = {isa = PBXFileReference; fileEncoding = 4; lastKnownFileType = sourcecode.cpp.cpp; name = CORE_Version.cpp; path = Core/CORE_Version.cpp; sourceTree = "<group>"; };
		69F506AE0D24F84B001541A3 /* CORE_Version.h */ = {isa = PBXFileReference; fileEncoding = 4; lastKnownFileType = sourcecode.c.h; name = CORE_Version.h; path = Core/CORE_Version.h; sourceTree = "<group>"; };
		69F507750D250973001541A3 /* PREF_Game.cpp */ = {isa = PBXFileReference; fileEncoding = 4; lastKnownFileType = sourcecode.cpp.cpp; name = PREF_Game.cpp; path = Games/Preferences/PREF_Game.cpp; sourceTree = "<group>"; };
		69F507760D250973001541A3 /* PREF_Game.h */ = {isa = PBXFileReference; fileEncoding = 4; lastKnownFileType = sourcecode.c.h; name = PREF_Game.h; path = Games/Preferences/PREF_Game.h; sourceTree = "<group>"; };
		69F508660D2628E9001541A3 /* UT_Menu.cpp */ = {isa = PBXFileReference; fileEncoding = 4; lastKnownFileType = sourcecode.cpp.cpp; name = UT_Menu.cpp; path = Utils/UT_Menu.cpp; sourceTree = "<group>"; };
		69F508670D2628E9001541A3 /* UT_Menu.h */ = {isa = PBXFileReference; fileEncoding = 4; lastKnownFileType = sourcecode.c.h; name = UT_Menu.h; path = Utils/UT_Menu.h; sourceTree = "<group>"; };
		69F6A7D10BBD2844005E85EE /* VS_Font.h */ = {isa = PBXFileReference; fileEncoding = 4; lastKnownFileType = sourcecode.c.h; name = VS_Font.h; path = vs/Graphics/VS_Font.h; sourceTree = "<group>"; };
		69F6A7D20BBD2844005E85EE /* VS_Font.cpp */ = {isa = PBXFileReference; fileEncoding = 4; lastKnownFileType = sourcecode.cpp.cpp; name = VS_Font.cpp; path = vs/Graphics/VS_Font.cpp; sourceTree = "<group>"; };
		69F6A90F0BBDBBCE005E85EE /* COL_Object.h */ = {isa = PBXFileReference; fileEncoding = 4; lastKnownFileType = sourcecode.c.h; name = COL_Object.h; path = Systems/Collision/COL_Object.h; sourceTree = "<group>"; };
		69F6A9100BBDBBCE005E85EE /* COL_Object.cpp */ = {isa = PBXFileReference; fileEncoding = 4; lastKnownFileType = sourcecode.cpp.cpp; name = COL_Object.cpp; path = Systems/Collision/COL_Object.cpp; sourceTree = "<group>"; };
		69F9EA8A0D026B6A00AD83A1 /* TB_Game.cpp */ = {isa = PBXFileReference; fileEncoding = 4; lastKnownFileType = sourcecode.cpp.cpp; name = TB_Game.cpp; path = Games/Testbed/TB_Game.cpp; sourceTree = "<group>"; };
		69F9EA8C0D026B6F00AD83A1 /* TB_Game.h */ = {isa = PBXFileReference; fileEncoding = 4; lastKnownFileType = sourcecode.c.h; name = TB_Game.h; path = Games/Testbed/TB_Game.h; sourceTree = "<group>"; };
		69FC60120BB5FA32001395E7 /* AST_Game.h */ = {isa = PBXFileReference; fileEncoding = 4; lastKnownFileType = sourcecode.c.h; name = AST_Game.h; path = Games/Asteroids/AST_Game.h; sourceTree = "<group>"; };
		69FC60130BB5FA32001395E7 /* AST_Game.cpp */ = {isa = PBXFileReference; fileEncoding = 4; lastKnownFileType = sourcecode.cpp.cpp; name = AST_Game.cpp; path = Games/Asteroids/AST_Game.cpp; sourceTree = "<group>"; };
		69FC60280BB5FB03001395E7 /* AST_Camera.h */ = {isa = PBXFileReference; fileEncoding = 4; lastKnownFileType = sourcecode.c.h; name = AST_Camera.h; path = Games/Asteroids/AST_Camera.h; sourceTree = "<group>"; };
		69FC60290BB5FB03001395E7 /* AST_Camera.cpp */ = {isa = PBXFileReference; fileEncoding = 4; lastKnownFileType = sourcecode.cpp.cpp; name = AST_Camera.cpp; path = Games/Asteroids/AST_Camera.cpp; sourceTree = "<group>"; };
		69FC602C0BB5FB17001395E7 /* AST_PlayerShip.h */ = {isa = PBXFileReference; fileEncoding = 4; lastKnownFileType = sourcecode.c.h; name = AST_PlayerShip.h; path = Games/Asteroids/AST_PlayerShip.h; sourceTree = "<group>"; };
		69FC602D0BB5FB17001395E7 /* AST_PlayerShip.cpp */ = {isa = PBXFileReference; fileEncoding = 4; lastKnownFileType = sourcecode.cpp.cpp; name = AST_PlayerShip.cpp; path = Games/Asteroids/AST_PlayerShip.cpp; sourceTree = "<group>"; };
		69FC60E30BB6218C001395E7 /* Core.h */ = {isa = PBXFileReference; fileEncoding = 4; lastKnownFileType = sourcecode.c.h; name = Core.h; path = Core/Core.h; sourceTree = "<group>"; };
		69FC60E40BB6218C001395E7 /* Core.cpp */ = {isa = PBXFileReference; fileEncoding = 4; lastKnownFileType = sourcecode.cpp.cpp; name = Core.cpp; path = Core/Core.cpp; sourceTree = "<group>"; };
		69FC61160BB62515001395E7 /* CORE_GameRegistry.h */ = {isa = PBXFileReference; fileEncoding = 4; lastKnownFileType = sourcecode.c.h; name = CORE_GameRegistry.h; path = Core/CORE_GameRegistry.h; sourceTree = "<group>"; };
		69FC61170BB62515001395E7 /* CORE_GameRegistry.cpp */ = {isa = PBXFileReference; fileEncoding = 4; lastKnownFileType = sourcecode.cpp.cpp; name = CORE_GameRegistry.cpp; path = Core/CORE_GameRegistry.cpp; sourceTree = "<group>"; };
		8D1107310486CEB800E47090 /* Info.plist */ = {isa = PBXFileReference; fileEncoding = 4; lastKnownFileType = text.plist; path = Info.plist; sourceTree = "<group>"; };
		8D1107320486CEB800E47090 /* VectorStorm.app */ = {isa = PBXFileReference; explicitFileType = wrapper.application; includeInIndex = 0; path = VectorStorm.app; sourceTree = BUILT_PRODUCTS_DIR; };
/* End PBXFileReference section */

/* Begin PBXFrameworksBuildPhase section */
		8D11072E0486CEB800E47090 /* Frameworks */ = {
			isa = PBXFrameworksBuildPhase;
			buildActionMask = 2147483647;
			files = (
				002F39FA09D0881F00EBEB88 /* SDL.framework in Frameworks */,
				002F3C6109D0951E00EBEB88 /* GLUT.framework in Frameworks */,
				8D11072F0486CEB800E47090 /* Cocoa.framework in Frameworks */,
				002F3C0109D093BD00EBEB88 /* OpenGL.framework in Frameworks */,
				6918CC970BC921E7006AD5F0 /* SDL_mixer.framework in Frameworks */,
				69E3D1D70D338C3900F64A67 /* Glew.framework in Frameworks */,
			);
			runOnlyForDeploymentPostprocessing = 0;
		};
/* End PBXFrameworksBuildPhase section */

/* Begin PBXGroup section */
		080E96DDFE201D6D7F000001 /* Classes */ = {
			isa = PBXGroup;
			children = (
				69207CB00BC89D4B00268603 /* SDLMain.h */,
				69207CB10BC89D4B00268603 /* SDLMain.m */,
			);
			name = Classes;
			sourceTree = "<group>";
		};
		1058C7A0FEA54F0111CA2CBB /* Linked Frameworks */ = {
			isa = PBXGroup;
			children = (
				69E3D1D60D338C3900F64A67 /* Glew.framework */,
				6918CC960BC921E7006AD5F0 /* SDL_mixer.framework */,
				002F39F909D0881F00EBEB88 /* SDL.framework */,
				002F3C6009D0951E00EBEB88 /* GLUT.framework */,
				1058C7A1FEA54F0111CA2CBB /* Cocoa.framework */,
				002F3C0009D093BD00EBEB88 /* OpenGL.framework */,
			);
			name = "Linked Frameworks";
			sourceTree = "<group>";
		};
		1058C7A2FEA54F0111CA2CBB /* Other Frameworks */ = {
			isa = PBXGroup;
			children = (
				29B97324FDCFA39411CA2CEA /* AppKit.framework */,
				29B97325FDCFA39411CA2CEA /* Foundation.framework */,
			);
			name = "Other Frameworks";
			sourceTree = "<group>";
		};
		19C28FACFE9D520D11CA2CBB /* Products */ = {
			isa = PBXGroup;
			children = (
				8D1107320486CEB800E47090 /* VectorStorm.app */,
			);
			name = Products;
			sourceTree = "<group>";
		};
		29B97314FDCFA39411CA2CEA /* VectorStorm */ = {
			isa = PBXGroup;
			children = (
				69960EF50BA560D600F18D09 /* Core */,
				69AB5BC40BACFBA500AD055E /* Files */,
				69207B760BC88E2A00268603 /* Memory */,
				6918CC440BC91E46006AD5F0 /* Sound */,
				69960DD30BA5209800F18D09 /* Games */,
				69AB58830BACB2BE00AD055E /* Systems */,
				690230C50BBDD0C3007ADE88 /* Mix */,
				69F508650D262880001541A3 /* Utils */,
				69960DD20BA5208D00F18D09 /* VS */,
				080E96DDFE201D6D7F000001 /* Classes */,
				29B97317FDCFA39411CA2CEA /* Resources */,
				29B97323FDCFA39411CA2CEA /* Frameworks */,
				19C28FACFE9D520D11CA2CBB /* Products */,
			);
			name = VectorStorm;
			sourceTree = "<group>";
		};
		29B97317FDCFA39411CA2CEA /* Resources */ = {
			isa = PBXGroup;
			children = (
				6918CFCF0BCA3F6B006AD5F0 /* Data */,
				8D1107310486CEB800E47090 /* Info.plist */,
				089C165CFE840E0CC02AAC07 /* InfoPlist.strings */,
			);
			name = Resources;
			sourceTree = "<group>";
		};
		29B97323FDCFA39411CA2CEA /* Frameworks */ = {
			isa = PBXGroup;
			children = (
				1058C7A0FEA54F0111CA2CBB /* Linked Frameworks */,
				1058C7A2FEA54F0111CA2CBB /* Other Frameworks */,
			);
			name = Frameworks;
			sourceTree = "<group>";
		};
		690230C50BBDD0C3007ADE88 /* Mix */ = {
			isa = PBXGroup;
			children = (
				6902311D0BBDD435007ADE88 /* MIX_AutomaticInstanceList.h */,
				690230C60BBDD12B007ADE88 /* MIX_Singleton.h */,
				69DF88070BFDBF950080152E /* MIX_StrongPointer.h */,
				69DF88080BFDBF950080152E /* MIX_StrongPointerTarget.h */,
			);
			name = Mix;
			sourceTree = "<group>";
		};
		6918CC440BC91E46006AD5F0 /* Sound */ = {
			isa = PBXGroup;
			children = (
				6918CC4F0BC91F02006AD5F0 /* SND_System.cpp */,
				6918CC500BC91F02006AD5F0 /* SND_System.h */,
				6918CDED0BC9B9B0006AD5F0 /* SND_Music.cpp */,
				6918CDEC0BC9B9B0006AD5F0 /* SND_Music.h */,
				6918CE740BC9CB06006AD5F0 /* SND_Sample.cpp */,
				6918CE730BC9CB06006AD5F0 /* SND_Sample.h */,
			);
			name = Sound;
			sourceTree = "<group>";
		};
		69207B760BC88E2A00268603 /* Memory */ = {
			isa = PBXGroup;
			children = (
				69207B780BC88E4E00268603 /* MEM_Heap.cpp */,
				69207B770BC88E4E00268603 /* MEM_Heap.h */,
				6909A3180BF5942E00A14EFF /* MEM_Store.cpp */,
				6909A3170BF5942E00A14EFF /* MEM_Store.h */,
			);
			name = Memory;
			sourceTree = "<group>";
		};
		693E36190CA9C4D500DA23B4 /* StarShot */ = {
			isa = PBXGroup;
			children = (
				693E361C0CA9C4ED00DA23B4 /* SST_Game.cpp */,
				693E361D0CA9C4ED00DA23B4 /* SST_Game.h */,
				69BC5BD10D2A2D190087C410 /* SST_ModeInGame.cpp */,
				69BC5CB00D2A532B0087C410 /* SST_ModeTitleScreen.cpp */,
				69BC5CAF0D2A532B0087C410 /* SST_ModeTitleScreen.h */,
				69BC5BD00D2A2D190087C410 /* SST_ModeInGame.h */,
				693E361A0CA9C4ED00DA23B4 /* SST_Fireworks.cpp */,
				693E361B0CA9C4ED00DA23B4 /* SST_Fireworks.h */,
				693E361E0CA9C4ED00DA23B4 /* SST_Hud.cpp */,
				693E361F0CA9C4ED00DA23B4 /* SST_Hud.h */,
				693E36200CA9C4ED00DA23B4 /* SST_Rocket.cpp */,
				693E36210CA9C4ED00DA23B4 /* SST_Rocket.h */,
				693E36220CA9C4ED00DA23B4 /* SST_Sequence.cpp */,
				693E36230CA9C4ED00DA23B4 /* SST_Sequence.h */,
			);
			name = StarShot;
			sourceTree = "<group>";
		};
		694CCF8F0BFC69CD002E4026 /* Utils */ = {
			isa = PBXGroup;
			children = (
				69C9CB3D0BFDE71900A6976A /* VS_Debug.cpp */,
				69C9CB3C0BFDE71900A6976A /* VS_Debug.h */,
				69C9C97A0BFDD3FD00A6976A /* VS_LocalisationTable.cpp */,
				69C9C9790BFDD3FD00A6976A /* VS_LocalisationTable.h */,
				69C9CAA30BFDE2F500A6976A /* VS_Log.cpp */,
				69C9CAA20BFDE2F500A6976A /* VS_Log.h */,
				6904B5C40D238FA100F60A57 /* VS_Preferences.cpp */,
				6904B5C50D238FA100F60A57 /* VS_Preferences.h */,
				694CCF910BFC69F1002E4026 /* VS_String.cpp */,
				694CCF900BFC69F1002E4026 /* VS_String.h */,
				698D807F0D23B7B30016CD35 /* VS_System.cpp */,
				698D807E0D23B7B30016CD35 /* VS_System.h */,
			);
			name = Utils;
			sourceTree = "<group>";
		};
		69960DD20BA5208D00F18D09 /* VS */ = {
			isa = PBXGroup;
			children = (
				69960E550BA559AA00F18D09 /* Graphics */,
				69960E190BA5260E00F18D09 /* Math */,
				694CCF8F0BFC69CD002E4026 /* Utils */,
				69207BC70BC8936500268603 /* VS_Prefix.h */,
				69C9CB690BFDE8AF00A6976A /* VS_Prefix_Debug.h */,
			);
			name = VS;
			sourceTree = "<group>";
		};
		69960DD30BA5209800F18D09 /* Games */ = {
			isa = PBXGroup;
			children = (
				69AB58500BACAE6E00AD055E /* GM_MainMenu.cpp */,
				69AB584F0BACAE6E00AD055E /* GM_MainMenu.h */,
				69FC60100BB5F9CA001395E7 /* Asteroids */,
				69F507740D2508AD001541A3 /* Preferences */,
				693E36190CA9C4D500DA23B4 /* StarShot */,
				69FF394F0C9EA97300E536BE /* Testbed */,
			);
			name = Games;
			sourceTree = "<group>";
		};
		69960E190BA5260E00F18D09 /* Math */ = {
			isa = PBXGroup;
			children = (
				69960E1A0BA5264A00F18D09 /* VS_Angle.cpp */,
				69960E1B0BA5264A00F18D09 /* VS_Angle.h */,
				694CCF7A0BFC642D002E4026 /* VS_Math.cpp */,
				694CCF790BFC642D002E4026 /* VS_Math.h */,
				694A655D0BD6328800563F49 /* VS_Random.cpp */,
				694A655C0BD6328800563F49 /* VS_Random.h */,
				69AB5B2F0BACD9F900AD055E /* VS_Transform.cpp */,
				69AB5B300BACD9F900AD055E /* VS_Transform.h */,
				69960E1C0BA5264A00F18D09 /* VS_Vector.cpp */,
				69960E1D0BA5264A00F18D09 /* VS_Vector.h */,
			);
			name = Math;
			sourceTree = "<group>";
		};
		69960E550BA559AA00F18D09 /* Graphics */ = {
			isa = PBXGroup;
			children = (
				69B4EF690BAFEF2A0032E68D /* VS_Camera.cpp */,
				69B4EF680BAFEF2A0032E68D /* VS_Camera.h */,
				69AB58290BACAE3200AD055E /* VS_Color.cpp */,
				69AB582A0BACAE3200AD055E /* VS_Color.h */,
				69AB582B0BACAE3200AD055E /* VS_DisplayList.cpp */,
				69AB582C0BACAE3200AD055E /* VS_DisplayList.h */,
				69960EC10BA55F7000F18D09 /* VS_Entity.cpp */,
				69960EC00BA55F7000F18D09 /* VS_Entity.h */,
				69F6A7D20BBD2844005E85EE /* VS_Font.cpp */,
				69F6A7D10BBD2844005E85EE /* VS_Font.h */,
				69960EAC0BA55E4F00F18D09 /* VS_Layer.cpp */,
				69960EAB0BA55E4F00F18D09 /* VS_Layer.h */,
				69AB582D0BACAE3200AD055E /* VS_Renderer.cpp */,
				69AB582E0BACAE3200AD055E /* VS_Renderer.h */,
				69A1BB270D2E4E400045F854 /* VS_RendererBloom.cpp */,
				69A1BB260D2E4E400045F854 /* VS_RendererBloom.h */,
				69AB582F0BACAE3200AD055E /* VS_RendererPretty.cpp */,
				69AB58300BACAE3200AD055E /* VS_RendererPretty.h */,
				69AB58310BACAE3200AD055E /* VS_RendererSimple.cpp */,
				69AB58320BACAE3200AD055E /* VS_RendererSimple.h */,
				69960E570BA559C900F18D09 /* VS_Screen.cpp */,
				69960E560BA559C900F18D09 /* VS_Screen.h */,
				69960F940BA566FB00F18D09 /* VS_Sprite.cpp */,
				69960F930BA566FB00F18D09 /* VS_Sprite.h */,
			);
			name = Graphics;
			sourceTree = "<group>";
		};
		69960EF50BA560D600F18D09 /* Core */ = {
			isa = PBXGroup;
			children = (
				69FC60E40BB6218C001395E7 /* Core.cpp */,
				69FC60E30BB6218C001395E7 /* Core.h */,
				69960F120BA562C300F18D09 /* CORE_Game.cpp */,
				69960F130BA562C300F18D09 /* CORE_Game.h */,
				69AB58C50BACB6C200AD055E /* CORE_GameMode.cpp */,
				69AB58C60BACB6C200AD055E /* CORE_GameMode.h */,
				69FC61170BB62515001395E7 /* CORE_GameRegistry.cpp */,
				69FC61160BB62515001395E7 /* CORE_GameRegistry.h */,
				69AB588B0BACB33800AD055E /* CORE_GameSystem.cpp */,
				69AB588A0BACB33800AD055E /* CORE_GameSystem.h */,
				69F506AD0D24F84B001541A3 /* CORE_Version.cpp */,
				69F506AE0D24F84B001541A3 /* CORE_Version.h */,
			);
			name = Core;
			sourceTree = "<group>";
		};
		69AB58830BACB2BE00AD055E /* Systems */ = {
			isa = PBXGroup;
			children = (
				69F6A90E0BBDBB93005E85EE /* Collision */,
				69AB58E20BACB7E900AD055E /* SYS_Input.cpp */,
				69AB58E30BACB7E900AD055E /* SYS_Input.h */,
				690A75BD0BEDC891003414AC /* SYS_Timer.cpp */,
				690A75BE0BEDC891003414AC /* SYS_Timer.h */,
			);
			name = Systems;
			sourceTree = "<group>";
		};
		69AB5BC40BACFBA500AD055E /* Files */ = {
			isa = PBXGroup;
			children = (
				69AB5BC60BACFBC500AD055E /* FS_File.cpp */,
				69AB5BC50BACFBC500AD055E /* FS_File.h */,
				69E6FEE70D234FC7000C2A07 /* FS_Record.cpp */,
				69E6FEE60D234FC7000C2A07 /* FS_Record.h */,
			);
			name = Files;
			sourceTree = "<group>";
		};
		69F507740D2508AD001541A3 /* Preferences */ = {
			isa = PBXGroup;
			children = (
				69F507750D250973001541A3 /* PREF_Game.cpp */,
				69F507760D250973001541A3 /* PREF_Game.h */,
			);
			name = Preferences;
			sourceTree = "<group>";
		};
		69F508650D262880001541A3 /* Utils */ = {
			isa = PBXGroup;
			children = (
				69F508660D2628E9001541A3 /* UT_Menu.cpp */,
				69F508670D2628E9001541A3 /* UT_Menu.h */,
			);
			name = Utils;
			sourceTree = "<group>";
		};
		69F6A90E0BBDBB93005E85EE /* Collision */ = {
			isa = PBXGroup;
			children = (
				69B445670BB3CFF70039141B /* COL_System.cpp */,
				69B445660BB3CFF70039141B /* COL_System.h */,
				69F6A9100BBDBBCE005E85EE /* COL_Object.cpp */,
				69F6A90F0BBDBBCE005E85EE /* COL_Object.h */,
				690BFD590BC271A000AE1A42 /* COL_Sprite.cpp */,
				690BFD580BC271A000AE1A42 /* COL_Sprite.h */,
				694A64080BD6245000563F49 /* PHYS_Emitter.cpp */,
				694A64070BD6245000563F49 /* PHYS_Emitter.h */,
				690B04AD0BC3BE5600AE1A42 /* PHYS_Sprite.cpp */,
				690B04AC0BC3BE5600AE1A42 /* PHYS_Sprite.h */,
			);
			name = Collision;
			sourceTree = "<group>";
		};
		69FC60100BB5F9CA001395E7 /* Asteroids */ = {
			isa = PBXGroup;
			children = (
				69FC60130BB5FA32001395E7 /* AST_Game.cpp */,
				69FC60120BB5FA32001395E7 /* AST_Game.h */,
				69CF6DF30D267DCD00BE050A /* AST_ModeGameOver.cpp */,
				69CF6DF40D267DCD00BE050A /* AST_ModeGameOver.h */,
				6986984C0D29FF25009FF9A2 /* AST_ModeHowTo.cpp */,
				6986984D0D29FF25009FF9A2 /* AST_ModeHowTo.h */,
				69CF6C600D26637A00BE050A /* AST_ModeInGame.cpp */,
				69CF6C5F0D26637A00BE050A /* AST_ModeInGame.h */,
				69CF6D300D266FEB00BE050A /* AST_ModeTitleScreen.cpp */,
				69CF6D2F0D266FEB00BE050A /* AST_ModeTitleScreen.h */,
				6995AA060BCA4CA3000C13AE /* AST_Asteroid.cpp */,
				6995AA050BCA4CA3000C13AE /* AST_Asteroid.h */,
				69FC60290BB5FB03001395E7 /* AST_Camera.cpp */,
				69FC60280BB5FB03001395E7 /* AST_Camera.h */,
				6986981A0D29CC05009FF9A2 /* AST_HowToPlay.cpp */,
				698698190D29CC05009FF9A2 /* AST_HowToPlay.h */,
				692D66900BCA687400B6E2FD /* AST_Hud.cpp */,
				692D668F0BCA687400B6E2FD /* AST_Hud.h */,
				69FC602D0BB5FB17001395E7 /* AST_PlayerShip.cpp */,
				69FC602C0BB5FB17001395E7 /* AST_PlayerShip.h */,
				690F7D130BD0F64200AF62A4 /* AST_PlayerShot.cpp */,
				690F7D120BD0F64200AF62A4 /* AST_PlayerShot.h */,
				69804DE40BCBAD85001677EA /* AST_Star.cpp */,
				69804DE30BCBAD85001677EA /* AST_Star.h */,
			);
			name = Asteroids;
			sourceTree = "<group>";
		};
		69FF394F0C9EA97300E536BE /* Testbed */ = {
			isa = PBXGroup;
			children = (
				69F9EA8A0D026B6A00AD83A1 /* TB_Game.cpp */,
				69F9EA8C0D026B6F00AD83A1 /* TB_Game.h */,
			);
			name = Testbed;
			sourceTree = "<group>";
		};
/* End PBXGroup section */

/* Begin PBXNativeTarget section */
		8D1107260486CEB800E47090 /* VectorStorm */ = {
			isa = PBXNativeTarget;
			buildConfigurationList = C01FCF4A08A954540054247B /* Build configuration list for PBXNativeTarget "VectorStorm" */;
			buildPhases = (
				8D1107290486CEB800E47090 /* Resources */,
				8D11072C0486CEB800E47090 /* Sources */,
				8D11072E0486CEB800E47090 /* Frameworks */,
				002F39FD09D0883400EBEB88 /* Copy Frameworks into .app bundle */,
				6909A6B00BF5CD6900A14EFF /* ShellScript */,
			);
			buildRules = (
			);
			dependencies = (
			);
			name = VectorStorm;
			productInstallPath = "$(HOME)/Applications";
			productName = VectorStorm;
			productReference = 8D1107320486CEB800E47090 /* VectorStorm.app */;
			productType = "com.apple.product-type.application";
		};
/* End PBXNativeTarget section */

/* Begin PBXProject section */
		29B97313FDCFA39411CA2CEA /* Project object */ = {
			isa = PBXProject;
			buildConfigurationList = C01FCF4E08A954540054247B /* Build configuration list for PBXProject "VectorStorm" */;
			compatibilityVersion = "Xcode 2.4";
			hasScannedForEncodings = 1;
			mainGroup = 29B97314FDCFA39411CA2CEA /* VectorStorm */;
			projectDirPath = "";
			projectRoot = "";
			targets = (
				8D1107260486CEB800E47090 /* VectorStorm */,
			);
		};
/* End PBXProject section */

/* Begin PBXResourcesBuildPhase section */
		8D1107290486CEB800E47090 /* Resources */ = {
			isa = PBXResourcesBuildPhase;
			buildActionMask = 2147483647;
			files = (
				8D11072B0486CEB800E47090 /* InfoPlist.strings in Resources */,
			);
			runOnlyForDeploymentPostprocessing = 0;
		};
/* End PBXResourcesBuildPhase section */

/* Begin PBXShellScriptBuildPhase section */
		6909A6B00BF5CD6900A14EFF /* ShellScript */ = {
			isa = PBXShellScriptBuildPhase;
			buildActionMask = 2147483647;
			files = (
			);
			inputPaths = (
			);
			outputPaths = (
			);
			runOnlyForDeploymentPostprocessing = 0;
			shellPath = /bin/sh;
			shellScript = "svn export --force Data $TARGET_BUILD_DIR/$TARGET_NAME.app/Contents/Resources/Data";
		};
/* End PBXShellScriptBuildPhase section */

/* Begin PBXSourcesBuildPhase section */
		8D11072C0486CEB800E47090 /* Sources */ = {
			isa = PBXSourcesBuildPhase;
			buildActionMask = 2147483647;
			files = (
				69960E1E0BA5264A00F18D09 /* VS_Angle.cpp in Sources */,
				69960E200BA5264A00F18D09 /* VS_Vector.cpp in Sources */,
				69960E590BA559C900F18D09 /* VS_Screen.cpp in Sources */,
				69960EAE0BA55E4F00F18D09 /* VS_Layer.cpp in Sources */,
				69960EC30BA55F7000F18D09 /* VS_Entity.cpp in Sources */,
				69960F140BA562C300F18D09 /* CORE_Game.cpp in Sources */,
				69960F960BA566FB00F18D09 /* VS_Sprite.cpp in Sources */,
				69AB58330BACAE3200AD055E /* VS_Color.cpp in Sources */,
				69AB58350BACAE3200AD055E /* VS_DisplayList.cpp in Sources */,
				69AB58370BACAE3200AD055E /* VS_Renderer.cpp in Sources */,
				69AB58390BACAE3200AD055E /* VS_RendererPretty.cpp in Sources */,
				69AB583B0BACAE3200AD055E /* VS_RendererSimple.cpp in Sources */,
				69AB58520BACAE6E00AD055E /* GM_MainMenu.cpp in Sources */,
				69AB588D0BACB33800AD055E /* CORE_GameSystem.cpp in Sources */,
				69AB58C70BACB6C200AD055E /* CORE_GameMode.cpp in Sources */,
				69AB58E40BACB7E900AD055E /* SYS_Input.cpp in Sources */,
				69AB5B310BACD9F900AD055E /* VS_Transform.cpp in Sources */,
				69AB5BC80BACFBC500AD055E /* FS_File.cpp in Sources */,
				69B4EF6B0BAFEF2A0032E68D /* VS_Camera.cpp in Sources */,
				69B445690BB3CFF70039141B /* COL_System.cpp in Sources */,
				69FC60150BB5FA32001395E7 /* AST_Game.cpp in Sources */,
				69FC602B0BB5FB03001395E7 /* AST_Camera.cpp in Sources */,
				69FC602F0BB5FB17001395E7 /* AST_PlayerShip.cpp in Sources */,
				69FC60E60BB6218C001395E7 /* Core.cpp in Sources */,
				69FC61190BB62515001395E7 /* CORE_GameRegistry.cpp in Sources */,
				69F6A7D40BBD2844005E85EE /* VS_Font.cpp in Sources */,
				69F6A9120BBDBBCE005E85EE /* COL_Object.cpp in Sources */,
				690BFD5B0BC271A000AE1A42 /* COL_Sprite.cpp in Sources */,
				690B04AF0BC3BE5600AE1A42 /* PHYS_Sprite.cpp in Sources */,
				69207B7A0BC88E4E00268603 /* MEM_Heap.cpp in Sources */,
				69207CB30BC89D4B00268603 /* SDLMain.m in Sources */,
				6918CC510BC91F02006AD5F0 /* SND_System.cpp in Sources */,
				6918CDEF0BC9B9B0006AD5F0 /* SND_Music.cpp in Sources */,
				6918CE760BC9CB06006AD5F0 /* SND_Sample.cpp in Sources */,
				6995AA080BCA4CA3000C13AE /* AST_Asteroid.cpp in Sources */,
				692D66920BCA687400B6E2FD /* AST_Hud.cpp in Sources */,
				69804DE60BCBAD85001677EA /* AST_Star.cpp in Sources */,
				690F7D150BD0F64200AF62A4 /* AST_PlayerShot.cpp in Sources */,
				694A640A0BD6245000563F49 /* PHYS_Emitter.cpp in Sources */,
				694A655F0BD6328800563F49 /* VS_Random.cpp in Sources */,
				690A75BF0BEDC891003414AC /* SYS_Timer.cpp in Sources */,
				6909A31A0BF5942E00A14EFF /* MEM_Store.cpp in Sources */,
				694CCF7C0BFC642D002E4026 /* VS_Math.cpp in Sources */,
				694CCF930BFC69F1002E4026 /* VS_String.cpp in Sources */,
				69C9C97C0BFDD3FD00A6976A /* VS_LocalisationTable.cpp in Sources */,
				69C9CAA50BFDE2F500A6976A /* VS_Log.cpp in Sources */,
				69C9CB3F0BFDE71900A6976A /* VS_Debug.cpp in Sources */,
				693E36240CA9C4ED00DA23B4 /* SST_Fireworks.cpp in Sources */,
				693E36260CA9C4ED00DA23B4 /* SST_Game.cpp in Sources */,
				693E36280CA9C4ED00DA23B4 /* SST_Hud.cpp in Sources */,
				693E362A0CA9C4ED00DA23B4 /* SST_Rocket.cpp in Sources */,
				693E362C0CA9C4ED00DA23B4 /* SST_Sequence.cpp in Sources */,
				69F9EA8B0D026B6A00AD83A1 /* TB_Game.cpp in Sources */,
				69E6FEE80D234FC7000C2A07 /* FS_Record.cpp in Sources */,
				6904B5C60D238FA100F60A57 /* VS_Preferences.cpp in Sources */,
				698D80800D23B7B30016CD35 /* VS_System.cpp in Sources */,
				69F506AF0D24F84B001541A3 /* CORE_Version.cpp in Sources */,
				69F507770D250973001541A3 /* PREF_Game.cpp in Sources */,
				69F508680D2628E9001541A3 /* UT_Menu.cpp in Sources */,
				69CF6C610D26637A00BE050A /* AST_ModeInGame.cpp in Sources */,
				69CF6D310D266FEB00BE050A /* AST_ModeTitleScreen.cpp in Sources */,
				69CF6DF50D267DCD00BE050A /* AST_ModeGameOver.cpp in Sources */,
				6986981B0D29CC05009FF9A2 /* AST_HowToPlay.cpp in Sources */,
				6986984E0D29FF25009FF9A2 /* AST_ModeHowTo.cpp in Sources */,
				69BC5BD20D2A2D190087C410 /* SST_ModeInGame.cpp in Sources */,
				69BC5CB10D2A532B0087C410 /* SST_ModeTitleScreen.cpp in Sources */,
				69A1BB280D2E4E400045F854 /* VS_RendererBloom.cpp in Sources */,
			);
			runOnlyForDeploymentPostprocessing = 0;
		};
/* End PBXSourcesBuildPhase section */

/* Begin PBXVariantGroup section */
		089C165CFE840E0CC02AAC07 /* InfoPlist.strings */ = {
			isa = PBXVariantGroup;
			children = (
				089C165DFE840E0CC02AAC07 /* English */,
			);
			name = InfoPlist.strings;
			sourceTree = "<group>";
		};
/* End PBXVariantGroup section */

/* Begin XCBuildConfiguration section */
		C01FCF4B08A954540054247B /* Debug */ = {
			isa = XCBuildConfiguration;
			buildSettings = {
				COPY_PHASE_STRIP = NO;
				GCC_DYNAMIC_NO_PIC = NO;
				GCC_ENABLE_FIX_AND_CONTINUE = YES;
				GCC_MODEL_TUNING = G5;
				GCC_OPTIMIZATION_LEVEL = 0;
				GCC_TREAT_WARNINGS_AS_ERRORS = YES;
				GCC_WARN_ABOUT_MISSING_NEWLINE = YES;
				GCC_WARN_HIDDEN_VIRTUAL_FUNCTIONS = YES;
				GCC_WARN_MISSING_PARENTHESES = YES;
				GCC_WARN_NON_VIRTUAL_DESTRUCTOR = YES;
				GCC_WARN_SHADOW = YES;
				GCC_WARN_TYPECHECK_CALLS_TO_PRINTF = YES;
				GCC_WARN_UNINITIALIZED_AUTOS = NO;
				GCC_WARN_UNKNOWN_PRAGMAS = YES;
				GCC_WARN_UNUSED_PARAMETER = YES;
				GCC_WARN_UNUSED_VALUE = YES;
				HEADER_SEARCH_PATHS = (
					"$(HOME)/Library/Frameworks/SDL.framework/Headers",
					/Library/Frameworks/SDL.framework/Headers,
					/Library/Frameworks/SDL_mixer.framework/Headers,
					"$(HEADER_SEARCH_PATHS)",
				);
				INFOPLIST_FILE = Info.plist;
				INSTALL_PATH = "$(HOME)/Applications";
				PRODUCT_NAME = VectorStorm;
				STRIP_INSTALLED_PRODUCT = NO;
				WRAPPER_EXTENSION = app;
				ZERO_LINK = NO;
			};
			name = Debug;
		};
		C01FCF4C08A954540054247B /* Release */ = {
			isa = XCBuildConfiguration;
			buildSettings = {
				ARCHS = (
					ppc,
					i386,
				);
				GCC_GENERATE_DEBUGGING_SYMBOLS = NO;
				GCC_MODEL_TUNING = G5;
				GCC_TREAT_WARNINGS_AS_ERRORS = YES;
				GCC_WARN_ABOUT_MISSING_NEWLINE = YES;
				GCC_WARN_HIDDEN_VIRTUAL_FUNCTIONS = YES;
				GCC_WARN_MISSING_PARENTHESES = YES;
				GCC_WARN_NON_VIRTUAL_DESTRUCTOR = YES;
				GCC_WARN_SHADOW = YES;
				GCC_WARN_TYPECHECK_CALLS_TO_PRINTF = YES;
				GCC_WARN_UNINITIALIZED_AUTOS = NO;
				GCC_WARN_UNKNOWN_PRAGMAS = YES;
				GCC_WARN_UNUSED_PARAMETER = YES;
				GCC_WARN_UNUSED_VALUE = YES;
				HEADER_SEARCH_PATHS = (
					"$(HOME)/Library/Frameworks/SDL.framework/Headers",
					/Library/Frameworks/SDL.framework/Headers,
					/Library/Frameworks/SDL_mixer.framework/Headers,
					"$(HEADER_SEARCH_PATHS)",
				);
				INFOPLIST_FILE = Info.plist;
				INSTALL_PATH = "$(HOME)/Applications";
				PRODUCT_NAME = VectorStorm;
				STRIP_INSTALLED_PRODUCT = YES;
				WRAPPER_EXTENSION = app;
				ZERO_LINK = NO;
			};
			name = Release;
		};
		C01FCF4F08A954540054247B /* Debug */ = {
			isa = XCBuildConfiguration;
			buildSettings = {
				FRAMEWORK_SEARCH_PATHS = (
					"$(HOME)/Library/Frameworks",
					/Library/Frameworks,
					"$(FRAMEWORK_SEARCH_PATHS)",
				);
				GCC_PREFIX_HEADER = VS/VS_Prefix_Debug.h;
				GCC_WARN_64_TO_32_BIT_CONVERSION = YES;
				GCC_WARN_ABOUT_RETURN_TYPE = YES;
				GCC_WARN_CHECK_SWITCH_STATEMENTS = YES;
				GCC_WARN_NON_VIRTUAL_DESTRUCTOR = NO;
				GCC_WARN_SIGN_COMPARE = NO;
				GCC_WARN_UNUSED_VARIABLE = YES;
				HEADER_SEARCH_PATHS = (
					/Library/Frameworks/GLEW.framework/Headers,
					"$(HOME)/Library/Frameworks/SDL.framework/Headers",
					/Library/Frameworks/SDL.framework/Headers,
					"$(HEADER_SEARCH_PATHS)",
				);
				PREBINDING = NO;
				SDKROOT = /Developer/SDKs/MacOSX10.4u.sdk;
			};
			name = Debug;
		};
		C01FCF5008A954540054247B /* Release */ = {
			isa = XCBuildConfiguration;
			buildSettings = {
				FRAMEWORK_SEARCH_PATHS = (
					"$(HOME)/Library/Frameworks",
					/Library/Frameworks,
					"$(FRAMEWORK_SEARCH_PATHS)",
				);
				GCC_PREFIX_HEADER = VS/VS_Prefix.h;
				GCC_WARN_64_TO_32_BIT_CONVERSION = YES;
				GCC_WARN_ABOUT_RETURN_TYPE = YES;
				GCC_WARN_CHECK_SWITCH_STATEMENTS = YES;
				GCC_WARN_NON_VIRTUAL_DESTRUCTOR = NO;
				GCC_WARN_SIGN_COMPARE = NO;
				GCC_WARN_UNUSED_VARIABLE = YES;
				HEADER_SEARCH_PATHS = (
					/Library/Frameworks/GLEW.framework/Headers,
					"$(HOME)/Library/Frameworks/SDL.framework/Headers",
					/Library/Frameworks/SDL.framework/Headers,
					"$(HEADER_SEARCH_PATHS)",
				);
				PREBINDING = NO;
				SDKROOT = /Developer/SDKs/MacOSX10.4u.sdk;
			};
			name = Release;
		};
/* End XCBuildConfiguration section */

/* Begin XCConfigurationList section */
		C01FCF4A08A954540054247B /* Build configuration list for PBXNativeTarget "VectorStorm" */ = {
			isa = XCConfigurationList;
			buildConfigurations = (
				C01FCF4B08A954540054247B /* Debug */,
				C01FCF4C08A954540054247B /* Release */,
			);
			defaultConfigurationIsVisible = 0;
			defaultConfigurationName = Release;
		};
		C01FCF4E08A954540054247B /* Build configuration list for PBXProject "VectorStorm" */ = {
			isa = XCConfigurationList;
			buildConfigurations = (
				C01FCF4F08A954540054247B /* Debug */,
				C01FCF5008A954540054247B /* Release */,
			);
			defaultConfigurationIsVisible = 0;
			defaultConfigurationName = Release;
		};
/* End XCConfigurationList section */
	};
	rootObject = 29B97313FDCFA39411CA2CEA /* Project object */;
}
